
Microsoft Visual Studio Solution File, Format Version 12.00
# Visual Studio 15
VisualStudioVersion = 15.0.28010.2048
MinimumVisualStudioVersion = 10.0.40219.1
Project("{FAE04EC0-301F-11D3-BF4B-00C04F79EFBC}") = "Selenium", "Selenium\Selenium.csproj", "{6665B2C7-B3EE-4074-8C17-ECD0C7CBF860}"
EndProject
Global
	GlobalSection(SolutionConfigurationPlatforms) = preSolution
		Debug|Any CPU = Debug|Any CPU
		Release|Any CPU = Release|Any CPU
	EndGlobalSection
	GlobalSection(ProjectConfigurationPlatforms) = postSolution
		{6665B2C7-B3EE-4074-8C17-ECD0C7CBF860}.Debug|Any CPU.ActiveCfg = Debug|Any CPU
		{6665B2C7-B3EE-4074-8C17-ECD0C7CBF860}.Debug|Any CPU.Build.0 = Debug|Any CPU
		{6665B2C7-B3EE-4074-8C17-ECD0C7CBF860}.Release|Any CPU.ActiveCfg = Release|Any CPU
		{6665B2C7-B3EE-4074-8C17-ECD0C7CBF860}.Release|Any CPU.Build.0 = Release|Any CPU
	EndGlobalSection
	GlobalSection(SolutionProperties) = preSolution
		HideSolutionNode = FALSE
	EndGlobalSection
	GlobalSection(ExtensibilityGlobals) = postSolution
		SolutionGuid = {9A80FB35-1B47-4FCD-826B-13FC0058E74C}
	EndGlobalSection
EndGlobal
